github.com/DATA-DOG/go-sqlmock v1.4.1 h1:ThlnYciV1iM/V0OSF/dtkqWb6xo5qITT1TJBG1MRDJM=
github.com/DATA-DOG/go-sqlmock v1.4.1/go.mod h1:f/Ixk793poVmq4qj/V1dPUg2JEAKC73Q5eFN3EC/SaM=
github.com/gorilla/websocket v1.4.2 h1:+/TMaTYc4QFitKJxsQ7Yye35DkWvkdLcvGKqM+x0Ufc=
github.com/gorilla/websocket v1.4.2/go.mod h1:YR8l580nyteQvAITg2hZ9XVh4b55+EU/adAjf1fMHhE=
github.com/lib/pq v1.7.0 h1:h93mCPfUSkaul3Ka/VG8uZdmW1uMHDGxzu0NWHuJmHY=
github.com/lib/pq v1.7.0/go.mod h1:AlVN5x4E4T544tWzH6hKfbfQvm3HdbOxrmggDNAPY9o=
